
Microsoft Visual Studio Solution File, Format Version 12.00
# Visual Studio 15
VisualStudioVersion = 15.0.26124.0
MinimumVisualStudioVersion = 15.0.26124.0
Project("{FAE04EC0-301F-11D3-BF4B-00C04F79EFBC}") = "Domain", "Domain\Domain.csproj", "{875E5218-10CB-46B5-BFFD-FC79BD380517}"
EndProject
Project("{FAE04EC0-301F-11D3-BF4B-00C04F79EFBC}") = "Application", "Application\Application.csproj", "{4831E649-67D1-4CCD-8EDA-48799689A704}"
EndProject
Project("{FAE04EC0-301F-11D3-BF4B-00C04F79EFBC}") = "Persistence", "Persistence\Persistence.csproj", "{D9B8B7BD-2393-4165-8870-80D2AF2956C1}"
EndProject
Project("{FAE04EC0-301F-11D3-BF4B-00C04F79EFBC}") = "API", "API\API.csproj", "{172E3399-08E5-4B92-9EDA-FBAB6D322DA6}"
EndProject
Global
	GlobalSection(SolutionConfigurationPlatforms) = preSolution
		Debug|Any CPU = Debug|Any CPU
		Debug|x64 = Debug|x64
		Debug|x86 = Debug|x86
		Release|Any CPU = Release|Any CPU
		Release|x64 = Release|x64
		Release|x86 = Release|x86
	EndGlobalSection
	GlobalSection(SolutionProperties) = preSolution
		HideSolutionNode = FALSE
	EndGlobalSection
	GlobalSection(ProjectConfigurationPlatforms) = postSolution
		{875E5218-10CB-46B5-BFFD-FC79BD380517}.Debug|Any CPU.ActiveCfg = Debug|Any CPU
		{875E5218-10CB-46B5-BFFD-FC79BD380517}.Debug|Any CPU.Build.0 = Debug|Any CPU
		{875E5218-10CB-46B5-BFFD-FC79BD380517}.Debug|x64.ActiveCfg = Debug|Any CPU
		{875E5218-10CB-46B5-BFFD-FC79BD380517}.Debug|x64.Build.0 = Debug|Any CPU
		{875E5218-10CB-46B5-BFFD-FC79BD380517}.Debug|x86.ActiveCfg = Debug|Any CPU
		{875E5218-10CB-46B5-BFFD-FC79BD380517}.Debug|x86.Build.0 = Debug|Any CPU
		{875E5218-10CB-46B5-BFFD-FC79BD380517}.Release|Any CPU.ActiveCfg = Release|Any CPU
		{875E5218-10CB-46B5-BFFD-FC79BD380517}.Release|Any CPU.Build.0 = Release|Any CPU
		{875E5218-10CB-46B5-BFFD-FC79BD380517}.Release|x64.ActiveCfg = Release|Any CPU
		{875E5218-10CB-46B5-BFFD-FC79BD380517}.Release|x64.Build.0 = Release|Any CPU
		{875E5218-10CB-46B5-BFFD-FC79BD380517}.Release|x86.ActiveCfg = Release|Any CPU
		{875E5218-10CB-46B5-BFFD-FC79BD380517}.Release|x86.Build.0 = Release|Any CPU
		{4831E649-67D1-4CCD-8EDA-48799689A704}.Debug|Any CPU.ActiveCfg = Debug|Any CPU
		{4831E649-67D1-4CCD-8EDA-48799689A704}.Debug|Any CPU.Build.0 = Debug|Any CPU
		{4831E649-67D1-4CCD-8EDA-48799689A704}.Debug|x64.ActiveCfg = Debug|Any CPU
		{4831E649-67D1-4CCD-8EDA-48799689A704}.Debug|x64.Build.0 = Debug|Any CPU
		{4831E649-67D1-4CCD-8EDA-48799689A704}.Debug|x86.ActiveCfg = Debug|Any CPU
		{4831E649-67D1-4CCD-8EDA-48799689A704}.Debug|x86.Build.0 = Debug|Any CPU
		{4831E649-67D1-4CCD-8EDA-48799689A704}.Release|Any CPU.ActiveCfg = Release|Any CPU
		{4831E649-67D1-4CCD-8EDA-48799689A704}.Release|Any CPU.Build.0 = Release|Any CPU
		{4831E649-67D1-4CCD-8EDA-48799689A704}.Release|x64.ActiveCfg = Release|Any CPU
		{4831E649-67D1-4CCD-8EDA-48799689A704}.Release|x64.Build.0 = Release|Any CPU
		{4831E649-67D1-4CCD-8EDA-48799689A704}.Release|x86.ActiveCfg = Release|Any CPU
		{4831E649-67D1-4CCD-8EDA-48799689A704}.Release|x86.Build.0 = Release|Any CPU
		{D9B8B7BD-2393-4165-8870-80D2AF2956C1}.Debug|Any CPU.ActiveCfg = Debug|Any CPU
		{D9B8B7BD-2393-4165-8870-80D2AF2956C1}.Debug|Any CPU.Build.0 = Debug|Any CPU
		{D9B8B7BD-2393-4165-8870-80D2AF2956C1}.Debug|x64.ActiveCfg = Debug|Any CPU
		{D9B8B7BD-2393-4165-8870-80D2AF2956C1}.Debug|x64.Build.0 = Debug|Any CPU
		{D9B8B7BD-2393-4165-8870-80D2AF2956C1}.Debug|x86.ActiveCfg = Debug|Any CPU
		{D9B8B7BD-2393-4165-8870-80D2AF2956C1}.Debug|x86.Build.0 = Debug|Any CPU
		{D9B8B7BD-2393-4165-8870-80D2AF2956C1}.Release|Any CPU.ActiveCfg = Release|Any CPU
		{D9B8B7BD-2393-4165-8870-80D2AF2956C1}.Release|Any CPU.Build.0 = Release|Any CPU
		{D9B8B7BD-2393-4165-8870-80D2AF2956C1}.Release|x64.ActiveCfg = Release|Any CPU
		{D9B8B7BD-2393-4165-8870-80D2AF2956C1}.Release|x64.Build.0 = Release|Any CPU
		{D9B8B7BD-2393-4165-8870-80D2AF2956C1}.Release|x86.ActiveCfg = Release|Any CPU
		{D9B8B7BD-2393-4165-8870-80D2AF2956C1}.Release|x86.Build.0 = Release|Any CPU
		{172E3399-08E5-4B92-9EDA-FBAB6D322DA6}.Debug|Any CPU.ActiveCfg = Debug|Any CPU
		{172E3399-08E5-4B92-9EDA-FBAB6D322DA6}.Debug|Any CPU.Build.0 = Debug|Any CPU
		{172E3399-08E5-4B92-9EDA-FBAB6D322DA6}.Debug|x64.ActiveCfg = Debug|Any CPU
		{172E3399-08E5-4B92-9EDA-FBAB6D322DA6}.Debug|x64.Build.0 = Debug|Any CPU
		{172E3399-08E5-4B92-9EDA-FBAB6D322DA6}.Debug|x86.ActiveCfg = Debug|Any CPU
		{172E3399-08E5-4B92-9EDA-FBAB6D322DA6}.Debug|x86.Build.0 = Debug|Any CPU
		{172E3399-08E5-4B92-9EDA-FBAB6D322DA6}.Release|Any CPU.ActiveCfg = Release|Any CPU
		{172E3399-08E5-4B92-9EDA-FBAB6D322DA6}.Release|Any CPU.Build.0 = Release|Any CPU
		{172E3399-08E5-4B92-9EDA-FBAB6D322DA6}.Release|x64.ActiveCfg = Release|Any CPU
		{172E3399-08E5-4B92-9EDA-FBAB6D322DA6}.Release|x64.Build.0 = Release|Any CPU
		{172E3399-08E5-4B92-9EDA-FBAB6D322DA6}.Release|x86.ActiveCfg = Release|Any CPU
		{172E3399-08E5-4B92-9EDA-FBAB6D322DA6}.Release|x86.Build.0 = Release|Any CPU
	EndGlobalSection
EndGlobal
